
Microsoft Visual Studio Solution File, Format Version 12.00
Project("{FAE04EC0-301F-11D3-BF4B-00C04F79EFBC}") = "Practice_1", "Practice_1.csproj", "{7423DF6D-12BE-42DD-9AD3-9FF4D8667F00}"
EndProject
Global
	GlobalSection(SolutionConfigurationPlatforms) = preSolution
		Debug|Any CPU = Debug|Any CPU
		Release|Any CPU = Release|Any CPU
	EndGlobalSection
	GlobalSection(ProjectConfigurationPlatforms) = postSolution
		{7423DF6D-12BE-42DD-9AD3-9FF4D8667F00}.Debug|Any CPU.ActiveCfg = Debug|Any CPU
		{7423DF6D-12BE-42DD-9AD3-9FF4D8667F00}.Debug|Any CPU.Build.0 = Debug|Any CPU
		{7423DF6D-12BE-42DD-9AD3-9FF4D8667F00}.Release|Any CPU.ActiveCfg = Release|Any CPU
		{7423DF6D-12BE-42DD-9AD3-9FF4D8667F00}.Release|Any CPU.Build.0 = Release|Any CPU
	EndGlobalSection
EndGlobal
